// !$*UTF8*$!
{
	archiveVersion = 1;
	classes = {
	};
	objectVersion = 46;
	objects = {

/* Begin PBXBuildFile section */
		BBBC289E1BD8EDEB000878B1 /* AppDelegate.swift in Sources */ = {isa = PBXBuildFile; fileRef = BBBC289D1BD8EDEB000878B1 /* AppDelegate.swift */; };
		BBBC28A01BD8EDEB000878B1 /* ViewController.swift in Sources */ = {isa = PBXBuildFile; fileRef = BBBC289F1BD8EDEB000878B1 /* ViewController.swift */; };
		BBBC28A31BD8EDEB000878B1 /* Main.storyboard in Resources */ = {isa = PBXBuildFile; fileRef = BBBC28A11BD8EDEB000878B1 /* Main.storyboard */; };
		BBBC28A51BD8EDEB000878B1 /* Assets.xcassets in Resources */ = {isa = PBXBuildFile; fileRef = BBBC28A41BD8EDEB000878B1 /* Assets.xcassets */; };
		BBBC28A81BD8EDEB000878B1 /* LaunchScreen.storyboard in Resources */ = {isa = PBXBuildFile; fileRef = BBBC28A61BD8EDEB000878B1 /* LaunchScreen.storyboard */; };
/* End PBXBuildFile section */

/* Begin PBXFileReference section */
		BBBC289A1BD8EDEB000878B1 /* Tapper.app */ = {isa = PBXFileReference; explicitFileType = wrapper.application; includeInIndex = 0; path = Tapper.app; sourceTree = BUILT_PRODUCTS_DIR; };
		BBBC289D1BD8EDEB000878B1 /* AppDelegate.swift */ = {isa = PBXFileReference; lastKnownFileType = sourcecode.swift; path = AppDelegate.swift; sourceTree = "<group>"; };
		BBBC289F1BD8EDEB000878B1 /* ViewController.swift */ = {isa = PBXFileReference; lastKnownFileType = sourcecode.swift; path = ViewController.swift; sourceTree = "<group>"; };
		BBBC28A21BD8EDEB000878B1 /* Base */ = {isa = PBXFileReference; lastKnownFileType = file.storyboard; name = Base; path = Base.lproj/Main.storyboard; sourceTree = "<group>"; };
		BBBC28A41BD8EDEB000878B1 /* Assets.xcassets */ = {isa = PBXFileReference; lastKnownFileType = folder.assetcatalog; path = Assets.xcassets; sourceTree = "<group>"; };
		BBBC28A71BD8EDEB000878B1 /* Base */ = {isa = PBXFileReference; lastKnownFileType = file.storyboard; name = Base; path = Base.lproj/LaunchScreen.storyboard; sourceTree = "<group>"; };
		BBBC28A91BD8EDEB000878B1 /* Info.plist */ = {isa = PBXFileReference; lastKnownFileType = text.plist.xml; path = Info.plist; sourceTree = "<group>"; };
/* End PBXFileReference section */

/* Begin PBXFrameworksBuildPhase section */
		BBBC28971BD8EDEB000878B1 /* Frameworks */ = {
			isa = PBXFrameworksBuildPhase;
			buildActionMask = 2147483647;
			files = (
			);
			runOnlyForDeploymentPostprocessing = 0;
		};
/* End PBXFrameworksBuildPhase section */

/* Begin PBXGroup section */
		BBBC28911BD8EDEB000878B1 = {
			isa = PBXGroup;
			children = (
				BBBC289C1BD8EDEB000878B1 /* Tapper */,
				BBBC289B1BD8EDEB000878B1 /* Products */,
			);
			sourceTree = "<group>";
		};
		BBBC289B1BD8EDEB000878B1 /* Products */ = {
			isa = PBXGroup;
			children = (
				BBBC289A1BD8EDEB000878B1 /* Tapper.app */,
			);
			name = Products;
			sourceTree = "<group>";
		};
		BBBC289C1BD8EDEB000878B1 /* Tapper */ = {
			isa = PBXGroup;
			children = (
				BBBC289D1BD8EDEB000878B1 /* AppDelegate.swift */,
				BBBC289F1BD8EDEB000878B1 /* ViewController.swift */,
				BBBC28A11BD8EDEB000878B1 /* Main.storyboard */,
				BBBC28A41BD8EDEB000878B1 /* Assets.xcassets */,
				BBBC28A61BD8EDEB000878B1 /* LaunchScreen.storyboard */,
				BBBC28A91BD8EDEB000878B1 /* Info.plist */,
			);
			path = Tapper;
			sourceTree = "<group>";
		};
/* End PBXGroup section */

/* Begin PBXNativeTarget section */
		BBBC28991BD8EDEB000878B1 /* Tapper */ = {
			isa = PBXNativeTarget;
			buildConfigurationList = BBBC28AC1BD8EDEB000878B1 /* Build configuration list for PBXNativeTarget "Tapper" */;
			buildPhases = (
				BBBC28961BD8EDEB000878B1 /* Sources */,
				BBBC28971BD8EDEB000878B1 /* Frameworks */,
				BBBC28981BD8EDEB000878B1 /* Resources */,
			);
			buildRules = (
			);
			dependencies = (
			);
			name = Tapper;
			productName = Tapper;
			productReference = BBBC289A1BD8EDEB000878B1 /* Tapper.app */;
			productType = "com.apple.product-type.application";
		};
/* End PBXNativeTarget section */

/* Begin PBXProject section */
		BBBC28921BD8EDEB000878B1 /* Project object */ = {
			isa = PBXProject;
			attributes = {
				LastSwiftUpdateCheck = 0710;
				LastUpgradeCheck = 0710;
				ORGANIZATIONNAME = "Андрей Букша";
				TargetAttributes = {
					BBBC28991BD8EDEB000878B1 = {
						CreatedOnToolsVersion = 7.1;
						DevelopmentTeam = 53Q44P34GC;
					};
				};
			};
			buildConfigurationList = BBBC28951BD8EDEB000878B1 /* Build configuration list for PBXProject "Tapper" */;
			compatibilityVersion = "Xcode 3.2";
			developmentRegion = English;
			hasScannedForEncodings = 0;
			knownRegions = (
				en,
				Base,
			);
			mainGroup = BBBC28911BD8EDEB000878B1;
			productRefGroup = BBBC289B1BD8EDEB000878B1 /* Products */;
			projectDirPath = "";
			projectRoot = "";
			targets = (
				BBBC28991BD8EDEB000878B1 /* Tapper */,
			);
		};
/* End PBXProject section */

/* Begin PBXResourcesBuildPhase section */
		BBBC28981BD8EDEB000878B1 /* Resources */ = {
			isa = PBXResourcesBuildPhase;
			buildActionMask = 2147483647;
			files = (
				BBBC28A81BD8EDEB000878B1 /* LaunchScreen.storyboard in Resources */,
				BBBC28A51BD8EDEB000878B1 /* Assets.xcassets in Resources */,
				BBBC28A31BD8EDEB000878B1 /* Main.storyboard in Resources */,
			);
			runOnlyForDeploymentPostprocessing = 0;
		};
/* End PBXResourcesBuildPhase section */

/* Begin PBXSourcesBuildPhase section */
		BBBC28961BD8EDEB000878B1 /* Sources */ = {
			isa = PBXSourcesBuildPhase;
			buildActionMask = 2147483647;
			files = (
				BBBC28A01BD8EDEB000878B1 /* ViewController.swift in Sources */,
				BBBC289E1BD8EDEB000878B1 /* AppDelegate.swift in Sources */,
			);
			runOnlyForDeploymentPostprocessing = 0;
		};
/* End PBXSourcesBuildPhase section */

/* Begin PBXVariantGroup section */
		BBBC28A11BD8EDEB000878B1 /* Main.storyboard */ = {
			isa = PBXVariantGroup;
			children = (
				BBBC28A21BD8EDEB000878B1 /* Base */,
			);
			name = Main.storyboard;
			sourceTree = "<group>";
		};
		BBBC28A61BD8EDEB000878B1 /* LaunchScreen.storyboard */ = {
			isa = PBXVariantGroup;
			children = (
				BBBC28A71BD8EDEB000878B1 /* Base */,
			);
			name = LaunchScreen.storyboard;
			sourceTree = "<group>";
		};
/* End PBXVariantGroup section */

/* Begin XCBuildConfiguration section */
		BBBC28AA1BD8EDEB000878B1 /* Debug */ = {
			isa = XCBuildConfiguration;
			buildSettings = {
				ALWAYS_SEARCH_USER_PATHS = NO;
				CLANG_CXX_LANGUAGE_STANDARD = "gnu++0x";
				CLANG_CXX_LIBRARY = "libc++";
				CLANG_ENABLE_MODULES = YES;
				CLANG_ENABLE_OBJC_ARC = YES;
				CLANG_WARN_BOOL_CONVERSION = YES;
				CLANG_WARN_CONSTANT_CONVERSION = YES;
				CLANG_WARN_DIRECT_OBJC_ISA_USAGE = YES_ERROR;
				CLANG_WARN_EMPTY_BODY = YES;
				CLANG_WARN_ENUM_CONVERSION = YES;
				CLANG_WARN_INT_CONVERSION = YES;
				CLANG_WARN_OBJC_ROOT_CLASS = YES_ERROR;
				CLANG_WARN_UNREACHABLE_CODE = YES;
				CLANG_WARN__DUPLICATE_METHOD_MATCH = YES;
				"CODE_SIGN_IDENTITY[sdk=iphoneos*]" = "iPhone Developer";
				COPY_PHASE_STRIP = NO;
				DEBUG_INFORMATION_FORMAT = dwarf;
				ENABLE_STRICT_OBJC_MSGSEND = YES;
				ENABLE_TESTABILITY = YES;
				GCC_C_LANGUAGE_STANDARD = gnu99;
				GCC_DYNAMIC_NO_PIC = NO;
				GCC_NO_COMMON_BLOCKS = YES;
				GCC_OPTIMIZATION_LEVEL = 0;
				GCC_PREPROCESSOR_DEFINITIONS = (
					"DEBUG=1",
					"$(inherited)",
				);
				GCC_WARN_64_TO_32_BIT_CONVERSION = YES;
				GCC_WARN_ABOUT_RETURN_TYPE = YES_ERROR;
				GCC_WARN_UNDECLARED_SELECTOR = YES;
				GCC_WARN_UNINITIALIZED_AUTOS = YES_AGGRESSIVE;
				GCC_WARN_UNUSED_FUNCTION = YES;
				GCC_WARN_UNUSED_VARIABLE = YES;
				IPHONEOS_DEPLOYMENT_TARGET = 9.1;
				MTL_ENABLE_DEBUG_INFO = YES;
				ONLY_ACTIVE_ARCH = YES;
				SDKROOT = iphoneos;
				SWIFT_OPTIMIZATION_LEVEL = "-Onone";
			};
			name = Debug;
		};
		BBBC28AB1BD8EDEB000878B1 /* Release */ = {
			isa = XCBuildConfiguration;
			buildSettings = {
				ALWAYS_SEARCH_USER_PATHS = NO;
				CLANG_CXX_LANGUAGE_STANDARD = "gnu++0x";
				CLANG_CXX_LIBRARY = "libc++";
				CLANG_ENABLE_MODULES = YES;
				CLANG_ENABLE_OBJC_ARC = YES;
				CLANG_WARN_BOOL_CONVERSION = YES;
				CLANG_WARN_CONSTANT_CONVERSION = YES;
				CLANG_WARN_DIRECT_OBJC_ISA_USAGE = YES_ERROR;
				CLANG_WARN_EMPTY_BODY = YES;
				CLANG_WARN_ENUM_CONVERSION = YES;
				CLANG_WARN_INT_CONVERSION = YES;
				CLANG_WARN_OBJC_ROOT_CLASS = YES_ERROR;
				CLANG_WARN_UNREACHABLE_CODE = YES;
				CLANG_WARN__DUPLICATE_METHOD_MATCH = YES;
				"CODE_SIGN_IDENTITY[sdk=iphoneos*]" = "iPhone Developer";
				COPY_PHASE_STRIP = NO;
				DEBUG_INFORMATION_FORMAT = "dwarf-with-dsym";
				ENABLE_NS_ASSERTIONS = NO;
				ENABLE_STRICT_OBJC_MSGSEND = YES;
				GCC_C_LANGUAGE_STANDARD = gnu99;
				GCC_NO_COMMON_BLOCKS = YES;
				GCC_WARN_64_TO_32_BIT_CONVERSION = YES;
				GCC_WARN_ABOUT_RETURN_TYPE = YES_ERROR;
				GCC_WARN_UNDECLARED_SELECTOR = YES;
				GCC_WARN_UNINITIALIZED_AUTOS = YES_AGGRESSIVE;
				GCC_WARN_UNUSED_FUNCTION = YES;
				GCC_WARN_UNUSED_VARIABLE = YES;
				IPHONEOS_DEPLOYMENT_TARGET = 9.1;
				MTL_ENABLE_DEBUG_INFO = NO;
				SDKROOT = iphoneos;
				VALIDATE_PRODUCT = YES;
			};
			name = Release;
		};
		BBBC28AD1BD8EDEB000878B1 /* Debug */ = {
			isa = XCBuildConfiguration;
			buildSettings = {
				ASSETCATALOG_COMPILER_APPICON_NAME = AppIcon;
				INFOPLIST_FILE = Tapper/Info.plist;
				LD_RUNPATH_SEARCH_PATHS = "$(inherited) @executable_path/Frameworks";
				PRODUCT_BUNDLE_IDENTIFIER = com.AndrewsCompany.Tapper;
				PRODUCT_NAME = "$(TARGET_NAME)";
			};
			name = Debug;
		};
		BBBC28AE1BD8EDEB000878B1 /* Release */ = {
			isa = XCBuildConfiguration;
			buildSettings = {
				ASSETCATALOG_COMPILER_APPICON_NAME = AppIcon;
				INFOPLIST_FILE = Tapper/Info.plist;
				LD_RUNPATH_SEARCH_PATHS = "$(inherited) @executable_path/Frameworks";
				PRODUCT_BUNDLE_IDENTIFIER = com.AndrewsCompany.Tapper;
				PRODUCT_NAME = "$(TARGET_NAME)";
			};
			name = Release;
		};
/* End XCBuildConfiguration section */

/* Begin XCConfigurationList section */
		BBBC28951BD8EDEB000878B1 /* Build configuration list for PBXProject "Tapper" */ = {
			isa = XCConfigurationList;
			buildConfigurations = (
				BBBC28AA1BD8EDEB000878B1 /* Debug */,
				BBBC28AB1BD8EDEB000878B1 /* Release */,
			);
			defaultConfigurationIsVisible = 0;
			defaultConfigurationName = Release;
		};
		BBBC28AC1BD8EDEB000878B1 /* Build configuration list for PBXNativeTarget "Tapper" */ = {
			isa = XCConfigurationList;
			buildConfigurations = (
				BBBC28AD1BD8EDEB000878B1 /* Debug */,
				BBBC28AE1BD8EDEB000878B1 /* Release */,
			);
			defaultConfigurationIsVisible = 0;
		};
/* End XCConfigurationList section */
	};
	rootObject = BBBC28921BD8EDEB000878B1 /* Project object */;
}
